
Microsoft Visual Studio Solution File, Format Version 12.00
# Visual Studio Version 17
VisualStudioVersion = 17.1.32407.343
MinimumVisualStudioVersion = 10.0.40219.1
Project("{9A19103F-16F7-4668-BE54-9A1E7A4F7556}") = "Catalyte.Apparel.API", "Catalyte.Apparel.API\Catalyte.Apparel.API.csproj", "{C2F1E265-B834-4F80-8483-CA6F9BE38504}"
EndProject
Project("{9A19103F-16F7-4668-BE54-9A1E7A4F7556}") = "Catalyte.Apparel.Data", "Catalyte.Apparel.Data\Catalyte.Apparel.Data.csproj", "{BEEE7F3F-E84D-4954-84CA-249167622F4E}"
EndProject
Project("{9A19103F-16F7-4668-BE54-9A1E7A4F7556}") = "Catalyte.Apparel.DTOs", "Catalyte.Apparel.DTOs\Catalyte.Apparel.DTOs.csproj", "{7431D005-D2B9-4D64-BD94-197C0A8FF379}"
EndProject
Project("{9A19103F-16F7-4668-BE54-9A1E7A4F7556}") = "Catalyte.Apparel.Providers", "Catalyte.Apparel.Providers\Catalyte.Apparel.Providers.csproj", "{1E0E98FC-F98F-4718-B100-C0134F5008E2}"
EndProject
Project("{9A19103F-16F7-4668-BE54-9A1E7A4F7556}") = "Catalyte.Apparel.Utilities", "Catalyte.Apparel.Utilities\Catalyte.Apparel.Utilities.csproj", "{1D02A4DD-1E0D-4D56-A690-4ACA99DBCAC8}"
EndProject
Project("{9A19103F-16F7-4668-BE54-9A1E7A4F7556}") = "Catalyte.Apparel.Test.Integration", "Catalyte.Apparel.Test.Integration\Catalyte.Apparel.Test.Integration.csproj", "{CAB64ABE-9A02-4086-A2E0-E9A803A05E91}"
	ProjectSection(ProjectDependencies) = postProject
		{A5DF44BD-8225-44BB-9901-234E5FC82414} = {A5DF44BD-8225-44BB-9901-234E5FC82414}
	EndProjectSection
EndProject
Project("{9A19103F-16F7-4668-BE54-9A1E7A4F7556}") = "Catalyte.Apparel.Test.Unit", "Catalyte.Apparel.Test.Unit\Catalyte.Apparel.Test.Unit.csproj", "{2065BD77-9248-4F6D-B04B-48378A703E04}"
	ProjectSection(ProjectDependencies) = postProject
		{A5DF44BD-8225-44BB-9901-234E5FC82414} = {A5DF44BD-8225-44BB-9901-234E5FC82414}
	EndProjectSection
EndProject
Project("{FAE04EC0-301F-11D3-BF4B-00C04F79EFBC}") = "Catalyte.Apparel.TestBase", "TestBase\Catalyte.Apparel.TestBase.csproj", "{A5DF44BD-8225-44BB-9901-234E5FC82414}"
	ProjectSection(ProjectDependencies) = postProject
		{BEEE7F3F-E84D-4954-84CA-249167622F4E} = {BEEE7F3F-E84D-4954-84CA-249167622F4E}
	EndProjectSection
EndProject
Global
	GlobalSection(SolutionConfigurationPlatforms) = preSolution
		Debug|Any CPU = Debug|Any CPU
		Release|Any CPU = Release|Any CPU
	EndGlobalSection
	GlobalSection(ProjectConfigurationPlatforms) = postSolution
		{C2F1E265-B834-4F80-8483-CA6F9BE38504}.Debug|Any CPU.ActiveCfg = Debug|Any CPU
		{C2F1E265-B834-4F80-8483-CA6F9BE38504}.Debug|Any CPU.Build.0 = Debug|Any CPU
		{C2F1E265-B834-4F80-8483-CA6F9BE38504}.Release|Any CPU.ActiveCfg = Release|Any CPU
		{C2F1E265-B834-4F80-8483-CA6F9BE38504}.Release|Any CPU.Build.0 = Release|Any CPU
		{BEEE7F3F-E84D-4954-84CA-249167622F4E}.Debug|Any CPU.ActiveCfg = Debug|Any CPU
		{BEEE7F3F-E84D-4954-84CA-249167622F4E}.Debug|Any CPU.Build.0 = Debug|Any CPU
		{BEEE7F3F-E84D-4954-84CA-249167622F4E}.Release|Any CPU.ActiveCfg = Release|Any CPU
		{BEEE7F3F-E84D-4954-84CA-249167622F4E}.Release|Any CPU.Build.0 = Release|Any CPU
		{7431D005-D2B9-4D64-BD94-197C0A8FF379}.Debug|Any CPU.ActiveCfg = Debug|Any CPU
		{7431D005-D2B9-4D64-BD94-197C0A8FF379}.Debug|Any CPU.Build.0 = Debug|Any CPU
		{7431D005-D2B9-4D64-BD94-197C0A8FF379}.Release|Any CPU.ActiveCfg = Release|Any CPU
		{7431D005-D2B9-4D64-BD94-197C0A8FF379}.Release|Any CPU.Build.0 = Release|Any CPU
		{1E0E98FC-F98F-4718-B100-C0134F5008E2}.Debug|Any CPU.ActiveCfg = Debug|Any CPU
		{1E0E98FC-F98F-4718-B100-C0134F5008E2}.Debug|Any CPU.Build.0 = Debug|Any CPU
		{1E0E98FC-F98F-4718-B100-C0134F5008E2}.Release|Any CPU.ActiveCfg = Release|Any CPU
		{1E0E98FC-F98F-4718-B100-C0134F5008E2}.Release|Any CPU.Build.0 = Release|Any CPU
		{1D02A4DD-1E0D-4D56-A690-4ACA99DBCAC8}.Debug|Any CPU.ActiveCfg = Debug|Any CPU
		{1D02A4DD-1E0D-4D56-A690-4ACA99DBCAC8}.Debug|Any CPU.Build.0 = Debug|Any CPU
		{1D02A4DD-1E0D-4D56-A690-4ACA99DBCAC8}.Release|Any CPU.ActiveCfg = Release|Any CPU
		{1D02A4DD-1E0D-4D56-A690-4ACA99DBCAC8}.Release|Any CPU.Build.0 = Release|Any CPU
		{CAB64ABE-9A02-4086-A2E0-E9A803A05E91}.Debug|Any CPU.ActiveCfg = Debug|Any CPU
		{CAB64ABE-9A02-4086-A2E0-E9A803A05E91}.Debug|Any CPU.Build.0 = Debug|Any CPU
		{CAB64ABE-9A02-4086-A2E0-E9A803A05E91}.Release|Any CPU.ActiveCfg = Release|Any CPU
		{CAB64ABE-9A02-4086-A2E0-E9A803A05E91}.Release|Any CPU.Build.0 = Release|Any CPU
		{2065BD77-9248-4F6D-B04B-48378A703E04}.Debug|Any CPU.ActiveCfg = Debug|Any CPU
		{2065BD77-9248-4F6D-B04B-48378A703E04}.Debug|Any CPU.Build.0 = Debug|Any CPU
		{2065BD77-9248-4F6D-B04B-48378A703E04}.Release|Any CPU.ActiveCfg = Release|Any CPU
		{2065BD77-9248-4F6D-B04B-48378A703E04}.Release|Any CPU.Build.0 = Release|Any CPU
		{A5DF44BD-8225-44BB-9901-234E5FC82414}.Debug|Any CPU.ActiveCfg = Debug|Any CPU
		{A5DF44BD-8225-44BB-9901-234E5FC82414}.Debug|Any CPU.Build.0 = Debug|Any CPU
		{A5DF44BD-8225-44BB-9901-234E5FC82414}.Release|Any CPU.ActiveCfg = Release|Any CPU
		{A5DF44BD-8225-44BB-9901-234E5FC82414}.Release|Any CPU.Build.0 = Release|Any CPU
	EndGlobalSection
	GlobalSection(SolutionProperties) = preSolution
		HideSolutionNode = FALSE
	EndGlobalSection
	GlobalSection(ExtensibilityGlobals) = postSolution
		SolutionGuid = {75743A65-FE77-40E4-B867-DC98A14B24D0}
	EndGlobalSection
EndGlobal
